
Microsoft Visual Studio Solution File, Format Version 12.00
# Visual Studio Version 16
VisualStudioVersion = 25.0.1700.6
MinimumVisualStudioVersion = 10.0.40219.1
Project("{FAE04EC0-301F-11D3-BF4B-00C04F79EFBC}") = "AbstractFactoryPattern", "AbstractFactoryPattern.csproj", "{6FEE76F3-9918-4153-9766-A35DEC95C8B4}"
EndProject
Global
	GlobalSection(SolutionConfigurationPlatforms) = preSolution
		Debug|Any CPU = Debug|Any CPU
		Release|Any CPU = Release|Any CPU
	EndGlobalSection
	GlobalSection(ProjectConfigurationPlatforms) = postSolution
		{6FEE76F3-9918-4153-9766-A35DEC95C8B4}.Debug|Any CPU.ActiveCfg = Debug|Any CPU
		{6FEE76F3-9918-4153-9766-A35DEC95C8B4}.Debug|Any CPU.Build.0 = Debug|Any CPU
		{6FEE76F3-9918-4153-9766-A35DEC95C8B4}.Release|Any CPU.ActiveCfg = Release|Any CPU
		{6FEE76F3-9918-4153-9766-A35DEC95C8B4}.Release|Any CPU.Build.0 = Release|Any CPU
	EndGlobalSection
	GlobalSection(SolutionProperties) = preSolution
		HideSolutionNode = FALSE
	EndGlobalSection
	GlobalSection(ExtensibilityGlobals) = postSolution
		SolutionGuid = {45E39C42-166A-4121-B9FD-4C2294241266}
	EndGlobalSection
EndGlobal
